{
  "requires": true,
  "lockfileVersion": 1,
  "dependencies": {
    "@dcloudio/uni-helper-json": {
      "version": "1.0.12",
      "resolved": "https://registry.npm.taobao.org/@dcloudio/uni-helper-json/download/@dcloudio/uni-helper-json-1.0.12.tgz",
      "integrity": "sha1-HPtq2/d4s22HFrI/2f8S9AtBN/A="
    }
  }
}
